// !$*UTF8*$!
{
	archiveVersion = 1;
	classes = {
	};
	objectVersion = 46;
	objects = {

/* Begin PBXBuildFile section */
		04AC0A431A1FBAD700402D60 /* zsock_test.swift in Sources */ = {isa = PBXBuildFile; fileRef = 04AC0A421A1FBAD700402D60 /* zsock_test.swift */; };
		04AC0A441A1FBB4600402D60 /* zsock.swift in Sources */ = {isa = PBXBuildFile; fileRef = 04AC0A3E1A1FB48F00402D60 /* zsock.swift */; };
		04AC0AA41A1FBC6D00402D60 /* libczmq.1.dylib in Frameworks */ = {isa = PBXBuildFile; fileRef = 04AC0AA31A1FBC6D00402D60 /* libczmq.1.dylib */; };
		04AC0AA51A1FBC8300402D60 /* libswiftzmq.dylib in Frameworks */ = {isa = PBXBuildFile; fileRef = 042E11A81A1FAD1900CE03F9 /* libswiftzmq.dylib */; };
/* End PBXBuildFile section */

/* Begin PBXBuildRule section */
		04AC0A361A1FB18D00402D60 /* PBXBuildRule */ = {
			isa = PBXBuildRule;
			compilerSpec = com.apple.xcode.tools.swift.compiler;
			fileType = sourcecode.swift;
			isEditable = 1;
			outputFiles = (
			);
		};
/* End PBXBuildRule section */

/* Begin PBXCopyFilesBuildPhase section */
		04AC0A261A1FAE5900402D60 /* CopyFiles */ = {
			isa = PBXCopyFilesBuildPhase;
			buildActionMask = 2147483647;
			dstPath = /usr/share/man/man1/;
			dstSubfolderSpec = 0;
			files = (
			);
			runOnlyForDeploymentPostprocessing = 1;
		};
/* End PBXCopyFilesBuildPhase section */

/* Begin PBXFileReference section */
		042E11A81A1FAD1900CE03F9 /* libswiftzmq.dylib */ = {isa = PBXFileReference; explicitFileType = "compiled.mach-o.dylib"; includeInIndex = 0; path = libswiftzmq.dylib; sourceTree = BUILT_PRODUCTS_DIR; };
		04AC0A281A1FAE5900402D60 /* swiftzmq_test */ = {isa = PBXFileReference; explicitFileType = "compiled.mach-o.executable"; includeInIndex = 0; path = swiftzmq_test; sourceTree = BUILT_PRODUCTS_DIR; };
		04AC0A3E1A1FB48F00402D60 /* zsock.swift */ = {isa = PBXFileReference; fileEncoding = 4; lastKnownFileType = sourcecode.swift; name = zsock.swift; path = src/zsock.swift; sourceTree = "<group>"; };
		04AC0A421A1FBAD700402D60 /* zsock_test.swift */ = {isa = PBXFileReference; fileEncoding = 4; lastKnownFileType = sourcecode.swift; name = zsock_test.swift; path = t/zsock_test.swift; sourceTree = "<group>"; };
		04AC0AA31A1FBC6D00402D60 /* libczmq.1.dylib */ = {isa = PBXFileReference; lastKnownFileType = "compiled.mach-o.dylib"; name = libczmq.1.dylib; path = ../../../../usr/local/Cellar/czmq/2.2.0_1/lib/libczmq.1.dylib; sourceTree = "<group>"; };
/* End PBXFileReference section */

/* Begin PBXFrameworksBuildPhase section */
		042E11A51A1FAD1900CE03F9 /* Frameworks */ = {
			isa = PBXFrameworksBuildPhase;
			buildActionMask = 2147483647;
			files = (
				04AC0AA41A1FBC6D00402D60 /* libczmq.1.dylib in Frameworks */,
			);
			runOnlyForDeploymentPostprocessing = 0;
		};
		04AC0A251A1FAE5900402D60 /* Frameworks */ = {
			isa = PBXFrameworksBuildPhase;
			buildActionMask = 2147483647;
			files = (
				04AC0AA51A1FBC8300402D60 /* libswiftzmq.dylib in Frameworks */,
			);
			runOnlyForDeploymentPostprocessing = 0;
		};
/* End PBXFrameworksBuildPhase section */

/* Begin PBXGroup section */
		042E119F1A1FAD1900CE03F9 = {
			isa = PBXGroup;
			children = (
				04AC0AA31A1FBC6D00402D60 /* libczmq.1.dylib */,
				04AC0A411A1FBA7200402D60 /* tests */,
				04AC0A3D1A1FB46F00402D60 /* swiftzmq */,
				042E11A91A1FAD1900CE03F9 /* Products */,
			);
			sourceTree = "<group>";
		};
		042E11A91A1FAD1900CE03F9 /* Products */ = {
			isa = PBXGroup;
			children = (
				042E11A81A1FAD1900CE03F9 /* libswiftzmq.dylib */,
				04AC0A281A1FAE5900402D60 /* swiftzmq_test */,
			);
			name = Products;
			sourceTree = "<group>";
		};
		04AC0A3D1A1FB46F00402D60 /* swiftzmq */ = {
			isa = PBXGroup;
			children = (
				04AC0A3E1A1FB48F00402D60 /* zsock.swift */,
			);
			name = swiftzmq;
			sourceTree = "<group>";
		};
		04AC0A411A1FBA7200402D60 /* tests */ = {
			isa = PBXGroup;
			children = (
				04AC0A421A1FBAD700402D60 /* zsock_test.swift */,
			);
			name = tests;
			sourceTree = "<group>";
		};
/* End PBXGroup section */

/* Begin PBXHeadersBuildPhase section */
		042E11A61A1FAD1900CE03F9 /* Headers */ = {
			isa = PBXHeadersBuildPhase;
			buildActionMask = 2147483647;
			files = (
			);
			runOnlyForDeploymentPostprocessing = 0;
		};
/* End PBXHeadersBuildPhase section */

/* Begin PBXNativeTarget section */
		042E11A71A1FAD1900CE03F9 /* swiftzmq */ = {
			isa = PBXNativeTarget;
			buildConfigurationList = 042E11AC1A1FAD1900CE03F9 /* Build configuration list for PBXNativeTarget "swiftzmq" */;
			buildPhases = (
				042E11A41A1FAD1900CE03F9 /* Sources */,
				042E11A51A1FAD1900CE03F9 /* Frameworks */,
				042E11A61A1FAD1900CE03F9 /* Headers */,
			);
			buildRules = (
				04AC0A361A1FB18D00402D60 /* PBXBuildRule */,
			);
			dependencies = (
			);
			name = swiftzmq;
			productName = swiftzmq;
			productReference = 042E11A81A1FAD1900CE03F9 /* libswiftzmq.dylib */;
			productType = "com.apple.product-type.library.dynamic";
		};
		04AC0A271A1FAE5900402D60 /* swiftzmq_test */ = {
			isa = PBXNativeTarget;
			buildConfigurationList = 04AC0A2E1A1FAE5900402D60 /* Build configuration list for PBXNativeTarget "swiftzmq_test" */;
			buildPhases = (
				04AC0A241A1FAE5900402D60 /* Sources */,
				04AC0A251A1FAE5900402D60 /* Frameworks */,
				04AC0A261A1FAE5900402D60 /* CopyFiles */,
			);
			buildRules = (
			);
			dependencies = (
			);
			name = swiftzmq_test;
			productName = swiftzmq_test;
			productReference = 04AC0A281A1FAE5900402D60 /* swiftzmq_test */;
			productType = "com.apple.product-type.tool";
		};
/* End PBXNativeTarget section */

/* Begin PBXProject section */
		042E11A01A1FAD1900CE03F9 /* Project object */ = {
			isa = PBXProject;
			attributes = {
				LastUpgradeCheck = 0610;
				ORGANIZATIONNAME = "James Laver";
				TargetAttributes = {
					042E11A71A1FAD1900CE03F9 = {
						CreatedOnToolsVersion = 6.1;
					};
					04AC0A271A1FAE5900402D60 = {
						CreatedOnToolsVersion = 6.1;
					};
				};
			};
			buildConfigurationList = 042E11A31A1FAD1900CE03F9 /* Build configuration list for PBXProject "swiftzmq" */;
			compatibilityVersion = "Xcode 3.2";
			developmentRegion = English;
			hasScannedForEncodings = 0;
			knownRegions = (
				en,
			);
			mainGroup = 042E119F1A1FAD1900CE03F9;
			productRefGroup = 042E11A91A1FAD1900CE03F9 /* Products */;
			projectDirPath = "";
			projectRoot = "";
			targets = (
				042E11A71A1FAD1900CE03F9 /* swiftzmq */,
				04AC0A271A1FAE5900402D60 /* swiftzmq_test */,
			);
		};
/* End PBXProject section */

/* Begin PBXSourcesBuildPhase section */
		042E11A41A1FAD1900CE03F9 /* Sources */ = {
			isa = PBXSourcesBuildPhase;
			buildActionMask = 2147483647;
			files = (
				04AC0A441A1FBB4600402D60 /* zsock.swift in Sources */,
			);
			runOnlyForDeploymentPostprocessing = 0;
		};
		04AC0A241A1FAE5900402D60 /* Sources */ = {
			isa = PBXSourcesBuildPhase;
			buildActionMask = 2147483647;
			files = (
				04AC0A431A1FBAD700402D60 /* zsock_test.swift in Sources */,
			);
			runOnlyForDeploymentPostprocessing = 0;
		};
/* End PBXSourcesBuildPhase section */

/* Begin XCBuildConfiguration section */
		042E11AA1A1FAD1900CE03F9 /* Debug */ = {
			isa = XCBuildConfiguration;
			buildSettings = {
				ALWAYS_SEARCH_USER_PATHS = YES;
				CLANG_CXX_LANGUAGE_STANDARD = "gnu++0x";
				CLANG_CXX_LIBRARY = "libc++";
				CLANG_ENABLE_MODULES = YES;
				CLANG_ENABLE_OBJC_ARC = YES;
				CLANG_WARN_BOOL_CONVERSION = YES;
				CLANG_WARN_CONSTANT_CONVERSION = YES;
				CLANG_WARN_DIRECT_OBJC_ISA_USAGE = YES_ERROR;
				CLANG_WARN_EMPTY_BODY = YES;
				CLANG_WARN_ENUM_CONVERSION = YES;
				CLANG_WARN_INT_CONVERSION = YES;
				CLANG_WARN_OBJC_ROOT_CLASS = YES_ERROR;
				CLANG_WARN_UNREACHABLE_CODE = YES;
				CLANG_WARN__DUPLICATE_METHOD_MATCH = YES;
				COPY_PHASE_STRIP = NO;
				ENABLE_STRICT_OBJC_MSGSEND = YES;
				GCC_C_LANGUAGE_STANDARD = gnu99;
				GCC_DYNAMIC_NO_PIC = NO;
				GCC_OPTIMIZATION_LEVEL = 0;
				GCC_PREPROCESSOR_DEFINITIONS = (
					"DEBUG=1",
					"$(inherited)",
				);
				GCC_SYMBOLS_PRIVATE_EXTERN = NO;
				GCC_WARN_64_TO_32_BIT_CONVERSION = YES;
				GCC_WARN_ABOUT_RETURN_TYPE = YES_ERROR;
				GCC_WARN_UNDECLARED_SELECTOR = YES;
				GCC_WARN_UNINITIALIZED_AUTOS = YES_AGGRESSIVE;
				GCC_WARN_UNUSED_FUNCTION = YES;
				GCC_WARN_UNUSED_VARIABLE = YES;
				LIBRARY_SEARCH_PATHS = (
					/usr/local/Cellar/zeromq/4.0.5_2/lib/,
					"
",
					/usr/local/Cellar/zeromq/4.0.5_2/lib/,
					"\n/usr/local/Cellar/zeromq/4.0.5_2/lib/",
					/usr/local/Cellar/czmq/2.2.0_1/lib/,
				);
				MACOSX_DEPLOYMENT_TARGET = 10.10;
				MTL_ENABLE_DEBUG_INFO = YES;
				ONLY_ACTIVE_ARCH = YES;
				SDKROOT = macosx;
				USER_HEADER_SEARCH_PATHS = "/usr/local/Cellar/czmq/2.2.0_1/include /usr/local/Cellar/zeromq/4.0.5_2/include/";
			};
			name = Debug;
		};
		042E11AB1A1FAD1900CE03F9 /* Release */ = {
			isa = XCBuildConfiguration;
			buildSettings = {
				ALWAYS_SEARCH_USER_PATHS = YES;
				CLANG_CXX_LANGUAGE_STANDARD = "gnu++0x";
				CLANG_CXX_LIBRARY = "libc++";
				CLANG_ENABLE_MODULES = YES;
				CLANG_ENABLE_OBJC_ARC = YES;
				CLANG_WARN_BOOL_CONVERSION = YES;
				CLANG_WARN_CONSTANT_CONVERSION = YES;
				CLANG_WARN_DIRECT_OBJC_ISA_USAGE = YES_ERROR;
				CLANG_WARN_EMPTY_BODY = YES;
				CLANG_WARN_ENUM_CONVERSION = YES;
				CLANG_WARN_INT_CONVERSION = YES;
				CLANG_WARN_OBJC_ROOT_CLASS = YES_ERROR;
				CLANG_WARN_UNREACHABLE_CODE = YES;
				CLANG_WARN__DUPLICATE_METHOD_MATCH = YES;
				COPY_PHASE_STRIP = YES;
				DEBUG_INFORMATION_FORMAT = "dwarf-with-dsym";
				ENABLE_NS_ASSERTIONS = NO;
				ENABLE_STRICT_OBJC_MSGSEND = YES;
				GCC_C_LANGUAGE_STANDARD = gnu99;
				GCC_WARN_64_TO_32_BIT_CONVERSION = YES;
				GCC_WARN_ABOUT_RETURN_TYPE = YES_ERROR;
				GCC_WARN_UNDECLARED_SELECTOR = YES;
				GCC_WARN_UNINITIALIZED_AUTOS = YES_AGGRESSIVE;
				GCC_WARN_UNUSED_FUNCTION = YES;
				GCC_WARN_UNUSED_VARIABLE = YES;
				LIBRARY_SEARCH_PATHS = (
					/usr/local/Cellar/zeromq/4.0.5_2/lib/,
					"
",
					/usr/local/Cellar/zeromq/4.0.5_2/lib/,
					"\n/usr/local/Cellar/zeromq/4.0.5_2/lib/",
					/usr/local/Cellar/czmq/2.2.0_1/lib/,
				);
				MACOSX_DEPLOYMENT_TARGET = 10.10;
				MTL_ENABLE_DEBUG_INFO = NO;
				SDKROOT = macosx;
				USER_HEADER_SEARCH_PATHS = "/usr/local/Cellar/czmq/2.2.0_1/include /usr/local/Cellar/zeromq/4.0.5_2/include/";
			};
			name = Release;
		};
		042E11AD1A1FAD1900CE03F9 /* Debug */ = {
			isa = XCBuildConfiguration;
			buildSettings = {
				DYLIB_COMPATIBILITY_VERSION = 1;
				DYLIB_CURRENT_VERSION = 1;
				EMBEDDED_CONTENT_CONTAINS_SWIFT = YES;
				EXECUTABLE_PREFIX = lib;
				LIBRARY_SEARCH_PATHS = (
					"$(inherited)",
					/usr/local/Cellar/czmq/2.2.0_1/lib,
				);
				PRODUCT_NAME = "$(TARGET_NAME)";
				SWIFT_OBJC_BRIDGING_HEADER = include/bridge.h;
			};
			name = Debug;
		};
		042E11AE1A1FAD1900CE03F9 /* Release */ = {
			isa = XCBuildConfiguration;
			buildSettings = {
				DYLIB_COMPATIBILITY_VERSION = 1;
				DYLIB_CURRENT_VERSION = 1;
				EMBEDDED_CONTENT_CONTAINS_SWIFT = YES;
				EXECUTABLE_PREFIX = lib;
				LIBRARY_SEARCH_PATHS = (
					"$(inherited)",
					/usr/local/Cellar/czmq/2.2.0_1/lib,
				);
				PRODUCT_NAME = "$(TARGET_NAME)";
				SWIFT_OBJC_BRIDGING_HEADER = include/bridge.h;
			};
			name = Release;
		};
		04AC0A2C1A1FAE5900402D60 /* Debug */ = {
			isa = XCBuildConfiguration;
			buildSettings = {
				GCC_PREPROCESSOR_DEFINITIONS = (
					"DEBUG=1",
					"$(inherited)",
				);
				PRODUCT_NAME = "$(TARGET_NAME)";
				STRINGS_FILE_OUTPUT_ENCODING = "UTF-8";
				SWIFT_INCLUDE_PATHS = "";
			};
			name = Debug;
		};
		04AC0A2D1A1FAE5900402D60 /* Release */ = {
			isa = XCBuildConfiguration;
			buildSettings = {
				PRODUCT_NAME = "$(TARGET_NAME)";
				STRINGS_FILE_OUTPUT_ENCODING = "UTF-8";
				SWIFT_INCLUDE_PATHS = "";
			};
			name = Release;
		};
/* End XCBuildConfiguration section */

/* Begin XCConfigurationList section */
		042E11A31A1FAD1900CE03F9 /* Build configuration list for PBXProject "swiftzmq" */ = {
			isa = XCConfigurationList;
			buildConfigurations = (
				042E11AA1A1FAD1900CE03F9 /* Debug */,
				042E11AB1A1FAD1900CE03F9 /* Release */,
			);
			defaultConfigurationIsVisible = 0;
			defaultConfigurationName = Release;
		};
		042E11AC1A1FAD1900CE03F9 /* Build configuration list for PBXNativeTarget "swiftzmq" */ = {
			isa = XCConfigurationList;
			buildConfigurations = (
				042E11AD1A1FAD1900CE03F9 /* Debug */,
				042E11AE1A1FAD1900CE03F9 /* Release */,
			);
			defaultConfigurationIsVisible = 0;
			defaultConfigurationName = Release;
		};
		04AC0A2E1A1FAE5900402D60 /* Build configuration list for PBXNativeTarget "swiftzmq_test" */ = {
			isa = XCConfigurationList;
			buildConfigurations = (
				04AC0A2C1A1FAE5900402D60 /* Debug */,
				04AC0A2D1A1FAE5900402D60 /* Release */,
			);
			defaultConfigurationIsVisible = 0;
			defaultConfigurationName = Release;
		};
/* End XCConfigurationList section */
	};
	rootObject = 042E11A01A1FAD1900CE03F9 /* Project object */;
}
